
Microsoft Visual Studio Solution File, Format Version 12.00
# Visual Studio 15
VisualStudioVersion = 15.0.26430.14
MinimumVisualStudioVersion = 10.0.40219.1
Project("{8BC9CEB8-8B4A-11D0-8D11-00A0C91BC942}") = "KernelSVM", "KernelSVM\KernelSVM.vcxproj", "{8978CCFD-E144-41EE-A7E5-EC0B8DBC5077}"
EndProject
Project("{888888A0-9F3D-457C-B088-3A5042F75D52}") = "RegressionSVM", "RegressionSVM\RegressionSVM.pyproj", "{D179372F-DA17-41AB-8F9A-160D2EA2482C}"
EndProject
Global
	GlobalSection(SolutionConfigurationPlatforms) = preSolution
		Debug|Any CPU = Debug|Any CPU
		Debug|x64 = Debug|x64
		Debug|x86 = Debug|x86
		Release|Any CPU = Release|Any CPU
		Release|x64 = Release|x64
		Release|x86 = Release|x86
	EndGlobalSection
	GlobalSection(ProjectConfigurationPlatforms) = postSolution
		{8978CCFD-E144-41EE-A7E5-EC0B8DBC5077}.Debug|Any CPU.ActiveCfg = Debug|Win32
		{8978CCFD-E144-41EE-A7E5-EC0B8DBC5077}.Debug|x64.ActiveCfg = Debug|x64
		{8978CCFD-E144-41EE-A7E5-EC0B8DBC5077}.Debug|x64.Build.0 = Debug|x64
		{8978CCFD-E144-41EE-A7E5-EC0B8DBC5077}.Debug|x86.ActiveCfg = Debug|Win32
		{8978CCFD-E144-41EE-A7E5-EC0B8DBC5077}.Debug|x86.Build.0 = Debug|Win32
		{8978CCFD-E144-41EE-A7E5-EC0B8DBC5077}.Release|Any CPU.ActiveCfg = Release|Win32
		{8978CCFD-E144-41EE-A7E5-EC0B8DBC5077}.Release|x64.ActiveCfg = Release|x64
		{8978CCFD-E144-41EE-A7E5-EC0B8DBC5077}.Release|x64.Build.0 = Release|x64
		{8978CCFD-E144-41EE-A7E5-EC0B8DBC5077}.Release|x86.ActiveCfg = Release|Win32
		{8978CCFD-E144-41EE-A7E5-EC0B8DBC5077}.Release|x86.Build.0 = Release|Win32
		{D179372F-DA17-41AB-8F9A-160D2EA2482C}.Debug|Any CPU.ActiveCfg = Debug|Any CPU
		{D179372F-DA17-41AB-8F9A-160D2EA2482C}.Debug|x64.ActiveCfg = Debug|Any CPU
		{D179372F-DA17-41AB-8F9A-160D2EA2482C}.Debug|x86.ActiveCfg = Debug|Any CPU
		{D179372F-DA17-41AB-8F9A-160D2EA2482C}.Release|Any CPU.ActiveCfg = Release|Any CPU
		{D179372F-DA17-41AB-8F9A-160D2EA2482C}.Release|x64.ActiveCfg = Release|Any CPU
		{D179372F-DA17-41AB-8F9A-160D2EA2482C}.Release|x86.ActiveCfg = Release|Any CPU
	EndGlobalSection
	GlobalSection(SolutionProperties) = preSolution
		HideSolutionNode = FALSE
	EndGlobalSection
	GlobalSection(ExtensibilityGlobals) = postSolution
		SolutionGuid = {11ED63B9-F6F4-4E4F-8D7B-73B1D396134B}
	EndGlobalSection
EndGlobal
