
Microsoft Visual Studio Solution File, Format Version 12.00
# Visual Studio 15
VisualStudioVersion = 15.0.26430.14
MinimumVisualStudioVersion = 10.0.40219.1
Project("{888888A0-9F3D-457C-B088-3A5042F75D52}") = "RegressionSVM", "RegressionSVM\RegressionSVM.pyproj", "{A660C2EA-690D-418F-BBC2-5F09E7FCD8D4}"
EndProject
Project("{888888A0-9F3D-457C-B088-3A5042F75D52}") = "CNNForDigits", "CNNForDigits\CNNForDigits.pyproj", "{520A9BAF-2D0F-4BD5-B4A4-482CAE40E438}"
EndProject
Global
	GlobalSection(SolutionConfigurationPlatforms) = preSolution
		Debug|Any CPU = Debug|Any CPU
		Debug|x64 = Debug|x64
		Debug|x86 = Debug|x86
		Release|Any CPU = Release|Any CPU
		Release|x64 = Release|x64
		Release|x86 = Release|x86
	EndGlobalSection
	GlobalSection(ProjectConfigurationPlatforms) = postSolution
		{A660C2EA-690D-418F-BBC2-5F09E7FCD8D4}.Debug|Any CPU.ActiveCfg = Debug|Any CPU
		{A660C2EA-690D-418F-BBC2-5F09E7FCD8D4}.Debug|x64.ActiveCfg = Debug|Any CPU
		{A660C2EA-690D-418F-BBC2-5F09E7FCD8D4}.Debug|x86.ActiveCfg = Debug|Any CPU
		{A660C2EA-690D-418F-BBC2-5F09E7FCD8D4}.Release|Any CPU.ActiveCfg = Release|Any CPU
		{A660C2EA-690D-418F-BBC2-5F09E7FCD8D4}.Release|x64.ActiveCfg = Release|Any CPU
		{A660C2EA-690D-418F-BBC2-5F09E7FCD8D4}.Release|x86.ActiveCfg = Release|Any CPU
		{520A9BAF-2D0F-4BD5-B4A4-482CAE40E438}.Debug|Any CPU.ActiveCfg = Debug|Any CPU
		{520A9BAF-2D0F-4BD5-B4A4-482CAE40E438}.Debug|x64.ActiveCfg = Debug|Any CPU
		{520A9BAF-2D0F-4BD5-B4A4-482CAE40E438}.Debug|x86.ActiveCfg = Debug|Any CPU
		{520A9BAF-2D0F-4BD5-B4A4-482CAE40E438}.Release|Any CPU.ActiveCfg = Release|Any CPU
		{520A9BAF-2D0F-4BD5-B4A4-482CAE40E438}.Release|x64.ActiveCfg = Release|Any CPU
		{520A9BAF-2D0F-4BD5-B4A4-482CAE40E438}.Release|x86.ActiveCfg = Release|Any CPU
	EndGlobalSection
	GlobalSection(SolutionProperties) = preSolution
		HideSolutionNode = FALSE
	EndGlobalSection
	GlobalSection(ExtensibilityGlobals) = postSolution
		SolutionGuid = {11ED63B9-F6F4-4E4F-8D7B-73B1D396134B}
	EndGlobalSection
EndGlobal
